<?xml version="1.0" encoding="UTF-8" standalone="yes" ?>
<CodeBlocks_project_file>
	<FileVersion major="1" minor="6" />
	<Project>
		<Option title="kursova_Qni" />
		<Option pch_mode="2" />
		<Option compiler="gcc" />
		<Build>
			<Target title="Debug">
				<Option output="bin\Debug\kursova_Qni" prefix_auto="1" extension_auto="1" />
				<Option object_output="obj\Debug\" />
				<Option type="1" />
				<Option compiler="gcc" />
				<Compiler>
					<Add option="-g" />
				</Compiler>
			</Target>
			<Target title="Release">
				<Option output="bin\Release\kursova_Qni" prefix_auto="1" extension_auto="1" />
				<Option object_output="obj\Release\" />
				<Option type="1" />
				<Option compiler="gcc" />
				<Compiler>
					<Add option="-O2" />
				</Compiler>
				<Linker>
					<Add option="-s" />
				</Linker>
			</Target>
		</Build>
		<Compiler>
			<Add option="-Wall" />
		</Compiler>
		<Unit filename="addWeedToList.c">
			<Option compilerVar="CC" />
		</Unit>
		<Unit filename="cheapestWeed.c">
			<Option compilerVar="CC" />
		</Unit>
		<Unit filename="f1.c">
			<Option compilerVar="CC" />
		</Unit>
		<Unit filename="freeList.c">
			<Option compilerVar="CC" />
		</Unit>
		<Unit filename="main.c">
			<Option compilerVar="CC" />
		</Unit>
		<Unit filename="maxProfit.c">
			<Option compilerVar="CC" />
		</Unit>
		<Unit filename="proftiForDefinedMonth.c">
			<Option compilerVar="CC" />
		</Unit>
		<Unit filename="readBinary.c">
			<Option compilerVar="CC" />
		</Unit>
		<Unit filename="structHeader.h" />
		<Unit filename="theMostExpensiveWeed.c">
			<Option compilerVar="CC" />
		</Unit>
		<Unit filename="writeBinaryFile.c">
			<Option compilerVar="CC" />
		</Unit>
		<Extensions>
			<code_completion />
			<debugger />
		</Extensions>
	</Project>
</CodeBlocks_project_file>
